# This file is autogenerated, do not edit; changes may be undone by the next 'dep ensure'.


[[projects]]
  digest = "1:31ce689b2b56c504bf1f0d5ae6537c4df8c89d449d468c1a6990a0227e6ce7e1"
  name = "github.com/kubeless/kubeless"
  packages = ["pkg/functions"]
  pruneopts = "UT"
  revision = "9a7482bdcb38a2c25e3135ee792c6a9ef93a4f8c"
  version = "v1.0.1"

[[projects]]
  branch = "master"
  digest = "1:76ee51c3f468493aff39dbacc401e8831fbb765104cbf613b89bef01cf4bad70"
  name = "golang.org/x/net"
  packages = ["context"]
  pruneopts = "UT"
  revision = "915654e7eabcea33ae277abbecf52f0d8b7a9fdc"

[solve-meta]
  analyzer-name = "dep"
  analyzer-version = 1
  input-imports = ["github.com/kubeless/kubeless/pkg/functions"]
  solver-name = "gps-cdcl"
  solver-version = 1
